
Microsoft Visual Studio Solution File, Format Version 12.00
# Visual Studio Version 17
VisualStudioVersion = 17.8.35728.64
MinimumVisualStudioVersion = 10.0.40219.1
Project("{FAE04EC0-301F-11D3-BF4B-00C04F79EFBC}") = "EgzamApp.Server", "EgzamApp.Server\EgzamApp.Server.csproj", "{5383F0B5-B40B-4605-9B71-AF6A935A94B8}"
EndProject
Project("{54A90642-561A-4BB1-A94E-469ADEE60C69}") = "egzamapp.client", "egzamapp.client\egzamapp.client.esproj", "{CD80F308-120F-46DF-B5F4-322FA4AD0CD3}"
EndProject
Global
	GlobalSection(SolutionConfigurationPlatforms) = preSolution
		Debug|Any CPU = Debug|Any CPU
		Release|Any CPU = Release|Any CPU
	EndGlobalSection
	GlobalSection(ProjectConfigurationPlatforms) = postSolution
		{5383F0B5-B40B-4605-9B71-AF6A935A94B8}.Debug|Any CPU.ActiveCfg = Debug|Any CPU
		{5383F0B5-B40B-4605-9B71-AF6A935A94B8}.Debug|Any CPU.Build.0 = Debug|Any CPU
		{5383F0B5-B40B-4605-9B71-AF6A935A94B8}.Release|Any CPU.ActiveCfg = Release|Any CPU
		{5383F0B5-B40B-4605-9B71-AF6A935A94B8}.Release|Any CPU.Build.0 = Release|Any CPU
		{CD80F308-120F-46DF-B5F4-322FA4AD0CD3}.Debug|Any CPU.ActiveCfg = Debug|Any CPU
		{CD80F308-120F-46DF-B5F4-322FA4AD0CD3}.Debug|Any CPU.Build.0 = Debug|Any CPU
		{CD80F308-120F-46DF-B5F4-322FA4AD0CD3}.Debug|Any CPU.Deploy.0 = Debug|Any CPU
		{CD80F308-120F-46DF-B5F4-322FA4AD0CD3}.Release|Any CPU.ActiveCfg = Release|Any CPU
		{CD80F308-120F-46DF-B5F4-322FA4AD0CD3}.Release|Any CPU.Build.0 = Release|Any CPU
		{CD80F308-120F-46DF-B5F4-322FA4AD0CD3}.Release|Any CPU.Deploy.0 = Release|Any CPU
	EndGlobalSection
	GlobalSection(SolutionProperties) = preSolution
		HideSolutionNode = FALSE
	EndGlobalSection
	GlobalSection(ExtensibilityGlobals) = postSolution
		SolutionGuid = {6D175057-3A1E-4F29-847F-E5E8948F86BB}
	EndGlobalSection
EndGlobal
